// !$*UTF8*$!
{
	archiveVersion = 1;
	classes = {
	};
	objectVersion = 51;
	objects = {

/* Begin PBXBuildFile section */
		7AA98A869AC64FEB62FE0369 /* Pods_SurveysCodeChallengeTests.framework in Frameworks */ = {isa = PBXBuildFile; fileRef = 05E9E9913EC544336821E8D6 /* Pods_SurveysCodeChallengeTests.framework */; };
		901A795823901B220012BB60 /* RetrierHandler.swift in Sources */ = {isa = PBXBuildFile; fileRef = 901A795723901B220012BB60 /* RetrierHandler.swift */; };
		901A795E23902FA30012BB60 /* URLRequest.swift in Sources */ = {isa = PBXBuildFile; fileRef = 901A795D23902FA30012BB60 /* URLRequest.swift */; };
		90224BC62389B48F007677AC /* SurveysViewController.swift in Sources */ = {isa = PBXBuildFile; fileRef = 90224BC12389B48F007677AC /* SurveysViewController.swift */; };
		90224BC72389B48F007677AC /* SurveysViewModel.swift in Sources */ = {isa = PBXBuildFile; fileRef = 90224BC22389B48F007677AC /* SurveysViewModel.swift */; };
		90224BC82389B48F007677AC /* SurveyDetailViewController.swift in Sources */ = {isa = PBXBuildFile; fileRef = 90224BC42389B48F007677AC /* SurveyDetailViewController.swift */; };
		904820E7238BD82200679655 /* ProgressView.swift in Sources */ = {isa = PBXBuildFile; fileRef = 904820E5238BD82200679655 /* ProgressView.swift */; };
		904820E8238BD82300679655 /* ProgressView.xib in Resources */ = {isa = PBXBuildFile; fileRef = 904820E6238BD82200679655 /* ProgressView.xib */; };
		904820F1238BE43300679655 /* Session.swift in Sources */ = {isa = PBXBuildFile; fileRef = 904820EB238BE43300679655 /* Session.swift */; };
		904820F2238BE43300679655 /* SurveyApi.swift in Sources */ = {isa = PBXBuildFile; fileRef = 904820EC238BE43300679655 /* SurveyApi.swift */; };
		904820F3238BE43300679655 /* SurveyProvider.swift in Sources */ = {isa = PBXBuildFile; fileRef = 904820ED238BE43300679655 /* SurveyProvider.swift */; };
		904820F5238BE43300679655 /* AuthProvider.swift in Sources */ = {isa = PBXBuildFile; fileRef = 904820EF238BE43300679655 /* AuthProvider.swift */; };
		904820F7238BE89A00679655 /* SurveyItem.swift in Sources */ = {isa = PBXBuildFile; fileRef = 904820F6238BE89A00679655 /* SurveyItem.swift */; };
		904820FB238C02D600679655 /* SurveysViewModelTests.swift in Sources */ = {isa = PBXBuildFile; fileRef = 904820FA238C02D600679655 /* SurveysViewModelTests.swift */; };
		904820FE238C0DDD00679655 /* MockSurveyProvider.swift in Sources */ = {isa = PBXBuildFile; fileRef = 904820FD238C0DDD00679655 /* MockSurveyProvider.swift */; };
		90482100238C218000679655 /* SurveyItemTests.swift in Sources */ = {isa = PBXBuildFile; fileRef = 904820FF238C218000679655 /* SurveyItemTests.swift */; };
		90482105238C23D200679655 /* Token-Success.json in Resources */ = {isa = PBXBuildFile; fileRef = 90482103238C23D200679655 /* Token-Success.json */; };
		90482106238C23D200679655 /* Surveys-Success.json in Resources */ = {isa = PBXBuildFile; fileRef = 90482104238C23D200679655 /* Surveys-Success.json */; };
		90482108238C23EC00679655 /* SurveyTargetTests.swift in Sources */ = {isa = PBXBuildFile; fileRef = 90482107238C23EC00679655 /* SurveyTargetTests.swift */; };
		9048210D238C403D00679655 /* SurveyTests.swift in Sources */ = {isa = PBXBuildFile; fileRef = 9048210C238C403D00679655 /* SurveyTests.swift */; };
		90D85286238FBD0800525A61 /* Keychain.swift in Sources */ = {isa = PBXBuildFile; fileRef = 90D85285238FBD0800525A61 /* Keychain.swift */; };
		90E6A2A9238A8B8400EC81A5 /* SurveyCell.swift in Sources */ = {isa = PBXBuildFile; fileRef = 90E6A2A8238A8B8400EC81A5 /* SurveyCell.swift */; };
		90E6A2AE238AD7A300EC81A5 /* ISPageControl.swift in Sources */ = {isa = PBXBuildFile; fileRef = 90E6A2AD238AD7A300EC81A5 /* ISPageControl.swift */; };
		90E6A2B1238AD8C300EC81A5 /* Helper.swift in Sources */ = {isa = PBXBuildFile; fileRef = 90E6A2B0238AD8C300EC81A5 /* Helper.swift */; };
		90E6A2B4238AD95800EC81A5 /* UIView.swift in Sources */ = {isa = PBXBuildFile; fileRef = 90E6A2B3238AD95800EC81A5 /* UIView.swift */; };
		90E6A2B8238ADD2C00EC81A5 /* Survey.swift in Sources */ = {isa = PBXBuildFile; fileRef = 90E6A2B7238ADD2C00EC81A5 /* Survey.swift */; };
		90E6A2CF238AE5D900EC81A5 /* Error.swift in Sources */ = {isa = PBXBuildFile; fileRef = 90E6A2CE238AE5D900EC81A5 /* Error.swift */; };
		90E6A2D1238AE68D00EC81A5 /* String.swift in Sources */ = {isa = PBXBuildFile; fileRef = 90E6A2D0238AE68D00EC81A5 /* String.swift */; };
		90E6A2D3238AEAEA00EC81A5 /* UICollectionView.swift in Sources */ = {isa = PBXBuildFile; fileRef = 90E6A2D2238AEAEA00EC81A5 /* UICollectionView.swift */; };
		90E6A2D5238AEB9100EC81A5 /* UIImage.swift in Sources */ = {isa = PBXBuildFile; fileRef = 90E6A2D4238AEB9100EC81A5 /* UIImage.swift */; };
		90E6A2D9238B000400EC81A5 /* UIViewController.swift in Sources */ = {isa = PBXBuildFile; fileRef = 90E6A2D8238B000400EC81A5 /* UIViewController.swift */; };
		90EE45D42389B22700D1BAC7 /* AppDelegate.swift in Sources */ = {isa = PBXBuildFile; fileRef = 90EE45D32389B22700D1BAC7 /* AppDelegate.swift */; };
		90EE45D92389B22700D1BAC7 /* Main.storyboard in Resources */ = {isa = PBXBuildFile; fileRef = 90EE45D72389B22700D1BAC7 /* Main.storyboard */; };
		90EE45DB2389B22900D1BAC7 /* Assets.xcassets in Resources */ = {isa = PBXBuildFile; fileRef = 90EE45DA2389B22900D1BAC7 /* Assets.xcassets */; };
		90EE45DE2389B22900D1BAC7 /* LaunchScreen.storyboard in Resources */ = {isa = PBXBuildFile; fileRef = 90EE45DC2389B22900D1BAC7 /* LaunchScreen.storyboard */; };
		E8F4E2EEF7A40E2575C3AED9 /* Pods_SurveysCodeChallenge.framework in Frameworks */ = {isa = PBXBuildFile; fileRef = 22C3FBE4DEE579B972183190 /* Pods_SurveysCodeChallenge.framework */; };
/* End PBXBuildFile section */

/* Begin PBXContainerItemProxy section */
		90EE45E52389B22900D1BAC7 /* PBXContainerItemProxy */ = {
			isa = PBXContainerItemProxy;
			containerPortal = 90EE45C82389B22700D1BAC7 /* Project object */;
			proxyType = 1;
			remoteGlobalIDString = 90EE45CF2389B22700D1BAC7;
			remoteInfo = SurveysCodeChallenge;
		};
/* End PBXContainerItemProxy section */

/* Begin PBXFileReference section */
		05E9E9913EC544336821E8D6 /* Pods_SurveysCodeChallengeTests.framework */ = {isa = PBXFileReference; explicitFileType = wrapper.framework; includeInIndex = 0; path = Pods_SurveysCodeChallengeTests.framework; sourceTree = BUILT_PRODUCTS_DIR; };
		22C3FBE4DEE579B972183190 /* Pods_SurveysCodeChallenge.framework */ = {isa = PBXFileReference; explicitFileType = wrapper.framework; includeInIndex = 0; path = Pods_SurveysCodeChallenge.framework; sourceTree = BUILT_PRODUCTS_DIR; };
		29EF74F70B531B5FF03E4611 /* Pods-SurveysCodeChallengeTests.debug.xcconfig */ = {isa = PBXFileReference; includeInIndex = 1; lastKnownFileType = text.xcconfig; name = "Pods-SurveysCodeChallengeTests.debug.xcconfig"; path = "Target Support Files/Pods-SurveysCodeChallengeTests/Pods-SurveysCodeChallengeTests.debug.xcconfig"; sourceTree = "<group>"; };
		901A795723901B220012BB60 /* RetrierHandler.swift */ = {isa = PBXFileReference; lastKnownFileType = sourcecode.swift; path = RetrierHandler.swift; sourceTree = "<group>"; };
		901A795D23902FA30012BB60 /* URLRequest.swift */ = {isa = PBXFileReference; fileEncoding = 4; lastKnownFileType = sourcecode.swift; path = URLRequest.swift; sourceTree = "<group>"; };
		90224BC12389B48F007677AC /* SurveysViewController.swift */ = {isa = PBXFileReference; fileEncoding = 4; lastKnownFileType = sourcecode.swift; path = SurveysViewController.swift; sourceTree = "<group>"; };
		90224BC22389B48F007677AC /* SurveysViewModel.swift */ = {isa = PBXFileReference; fileEncoding = 4; lastKnownFileType = sourcecode.swift; path = SurveysViewModel.swift; sourceTree = "<group>"; };
		90224BC42389B48F007677AC /* SurveyDetailViewController.swift */ = {isa = PBXFileReference; fileEncoding = 4; lastKnownFileType = sourcecode.swift; path = SurveyDetailViewController.swift; sourceTree = "<group>"; };
		904820E5238BD82200679655 /* ProgressView.swift */ = {isa = PBXFileReference; fileEncoding = 4; lastKnownFileType = sourcecode.swift; path = ProgressView.swift; sourceTree = "<group>"; };
		904820E6238BD82200679655 /* ProgressView.xib */ = {isa = PBXFileReference; fileEncoding = 4; lastKnownFileType = file.xib; path = ProgressView.xib; sourceTree = "<group>"; };
		904820EB238BE43300679655 /* Session.swift */ = {isa = PBXFileReference; fileEncoding = 4; lastKnownFileType = sourcecode.swift; path = Session.swift; sourceTree = "<group>"; };
		904820EC238BE43300679655 /* SurveyApi.swift */ = {isa = PBXFileReference; fileEncoding = 4; lastKnownFileType = sourcecode.swift; path = SurveyApi.swift; sourceTree = "<group>"; };
		904820ED238BE43300679655 /* SurveyProvider.swift */ = {isa = PBXFileReference; fileEncoding = 4; lastKnownFileType = sourcecode.swift; path = SurveyProvider.swift; sourceTree = "<group>"; };
		904820EF238BE43300679655 /* AuthProvider.swift */ = {isa = PBXFileReference; fileEncoding = 4; lastKnownFileType = sourcecode.swift; path = AuthProvider.swift; sourceTree = "<group>"; };
		904820F6238BE89A00679655 /* SurveyItem.swift */ = {isa = PBXFileReference; lastKnownFileType = sourcecode.swift; path = SurveyItem.swift; sourceTree = "<group>"; };
		904820FA238C02D600679655 /* SurveysViewModelTests.swift */ = {isa = PBXFileReference; lastKnownFileType = sourcecode.swift; path = SurveysViewModelTests.swift; sourceTree = "<group>"; };
		904820FD238C0DDD00679655 /* MockSurveyProvider.swift */ = {isa = PBXFileReference; lastKnownFileType = sourcecode.swift; path = MockSurveyProvider.swift; sourceTree = "<group>"; };
		904820FF238C218000679655 /* SurveyItemTests.swift */ = {isa = PBXFileReference; lastKnownFileType = sourcecode.swift; path = SurveyItemTests.swift; sourceTree = "<group>"; };
		90482103238C23D200679655 /* Token-Success.json */ = {isa = PBXFileReference; fileEncoding = 4; lastKnownFileType = text.json; path = "Token-Success.json"; sourceTree = "<group>"; };
		90482104238C23D200679655 /* Surveys-Success.json */ = {isa = PBXFileReference; fileEncoding = 4; lastKnownFileType = text.json; path = "Surveys-Success.json"; sourceTree = "<group>"; };
		90482107238C23EC00679655 /* SurveyTargetTests.swift */ = {isa = PBXFileReference; lastKnownFileType = sourcecode.swift; path = SurveyTargetTests.swift; sourceTree = "<group>"; };
		9048210C238C403D00679655 /* SurveyTests.swift */ = {isa = PBXFileReference; lastKnownFileType = sourcecode.swift; path = SurveyTests.swift; sourceTree = "<group>"; };
		90D85285238FBD0800525A61 /* Keychain.swift */ = {isa = PBXFileReference; lastKnownFileType = sourcecode.swift; path = Keychain.swift; sourceTree = "<group>"; };
		90E6A2A8238A8B8400EC81A5 /* SurveyCell.swift */ = {isa = PBXFileReference; lastKnownFileType = sourcecode.swift; path = SurveyCell.swift; sourceTree = "<group>"; };
		90E6A2AD238AD7A300EC81A5 /* ISPageControl.swift */ = {isa = PBXFileReference; fileEncoding = 4; lastKnownFileType = sourcecode.swift; path = ISPageControl.swift; sourceTree = "<group>"; };
		90E6A2B0238AD8C300EC81A5 /* Helper.swift */ = {isa = PBXFileReference; lastKnownFileType = sourcecode.swift; path = Helper.swift; sourceTree = "<group>"; };
		90E6A2B3238AD95800EC81A5 /* UIView.swift */ = {isa = PBXFileReference; lastKnownFileType = sourcecode.swift; path = UIView.swift; sourceTree = "<group>"; };
		90E6A2B7238ADD2C00EC81A5 /* Survey.swift */ = {isa = PBXFileReference; lastKnownFileType = sourcecode.swift; path = Survey.swift; sourceTree = "<group>"; };
		90E6A2CE238AE5D900EC81A5 /* Error.swift */ = {isa = PBXFileReference; lastKnownFileType = sourcecode.swift; path = Error.swift; sourceTree = "<group>"; };
		90E6A2D0238AE68D00EC81A5 /* String.swift */ = {isa = PBXFileReference; lastKnownFileType = sourcecode.swift; path = String.swift; sourceTree = "<group>"; };
		90E6A2D2238AEAEA00EC81A5 /* UICollectionView.swift */ = {isa = PBXFileReference; lastKnownFileType = sourcecode.swift; path = UICollectionView.swift; sourceTree = "<group>"; };
		90E6A2D4238AEB9100EC81A5 /* UIImage.swift */ = {isa = PBXFileReference; lastKnownFileType = sourcecode.swift; path = UIImage.swift; sourceTree = "<group>"; };
		90E6A2D8238B000400EC81A5 /* UIViewController.swift */ = {isa = PBXFileReference; lastKnownFileType = sourcecode.swift; path = UIViewController.swift; sourceTree = "<group>"; };
		90EE45D02389B22700D1BAC7 /* SurveysCodeChallenge.app */ = {isa = PBXFileReference; explicitFileType = wrapper.application; includeInIndex = 0; path = SurveysCodeChallenge.app; sourceTree = BUILT_PRODUCTS_DIR; };
		90EE45D32389B22700D1BAC7 /* AppDelegate.swift */ = {isa = PBXFileReference; lastKnownFileType = sourcecode.swift; path = AppDelegate.swift; sourceTree = "<group>"; };
		90EE45D82389B22700D1BAC7 /* Base */ = {isa = PBXFileReference; lastKnownFileType = file.storyboard; name = Base; path = Base.lproj/Main.storyboard; sourceTree = "<group>"; };
		90EE45DA2389B22900D1BAC7 /* Assets.xcassets */ = {isa = PBXFileReference; lastKnownFileType = folder.assetcatalog; path = Assets.xcassets; sourceTree = "<group>"; };
		90EE45DD2389B22900D1BAC7 /* Base */ = {isa = PBXFileReference; lastKnownFileType = file.storyboard; name = Base; path = Base.lproj/LaunchScreen.storyboard; sourceTree = "<group>"; };
		90EE45DF2389B22900D1BAC7 /* Info.plist */ = {isa = PBXFileReference; lastKnownFileType = text.plist.xml; path = Info.plist; sourceTree = "<group>"; };
		90EE45E42389B22900D1BAC7 /* SurveysCodeChallengeTests.xctest */ = {isa = PBXFileReference; explicitFileType = wrapper.cfbundle; includeInIndex = 0; path = SurveysCodeChallengeTests.xctest; sourceTree = BUILT_PRODUCTS_DIR; };
		90EE45EA2389B22900D1BAC7 /* Info.plist */ = {isa = PBXFileReference; lastKnownFileType = text.plist.xml; path = Info.plist; sourceTree = "<group>"; };
		AD3C7A49934E155161CEF891 /* Pods-SurveysCodeChallenge.debug.xcconfig */ = {isa = PBXFileReference; includeInIndex = 1; lastKnownFileType = text.xcconfig; name = "Pods-SurveysCodeChallenge.debug.xcconfig"; path = "Target Support Files/Pods-SurveysCodeChallenge/Pods-SurveysCodeChallenge.debug.xcconfig"; sourceTree = "<group>"; };
		E4AFD434A6C10205CD926BDE /* Pods-SurveysCodeChallenge.release.xcconfig */ = {isa = PBXFileReference; includeInIndex = 1; lastKnownFileType = text.xcconfig; name = "Pods-SurveysCodeChallenge.release.xcconfig"; path = "Target Support Files/Pods-SurveysCodeChallenge/Pods-SurveysCodeChallenge.release.xcconfig"; sourceTree = "<group>"; };
		F542F53972FA797A2F8AD913 /* Pods-SurveysCodeChallengeTests.release.xcconfig */ = {isa = PBXFileReference; includeInIndex = 1; lastKnownFileType = text.xcconfig; name = "Pods-SurveysCodeChallengeTests.release.xcconfig"; path = "Target Support Files/Pods-SurveysCodeChallengeTests/Pods-SurveysCodeChallengeTests.release.xcconfig"; sourceTree = "<group>"; };
/* End PBXFileReference section */

/* Begin PBXFrameworksBuildPhase section */
		90EE45CD2389B22700D1BAC7 /* Frameworks */ = {
			isa = PBXFrameworksBuildPhase;
			buildActionMask = 2147483647;
			files = (
				E8F4E2EEF7A40E2575C3AED9 /* Pods_SurveysCodeChallenge.framework in Frameworks */,
			);
			runOnlyForDeploymentPostprocessing = 0;
		};
		90EE45E12389B22900D1BAC7 /* Frameworks */ = {
			isa = PBXFrameworksBuildPhase;
			buildActionMask = 2147483647;
			files = (
				7AA98A869AC64FEB62FE0369 /* Pods_SurveysCodeChallengeTests.framework in Frameworks */,
			);
			runOnlyForDeploymentPostprocessing = 0;
		};
/* End PBXFrameworksBuildPhase section */

/* Begin PBXGroup section */
		88EBB79BCAFED1CF119FCA47 /* Pods */ = {
			isa = PBXGroup;
			children = (
				AD3C7A49934E155161CEF891 /* Pods-SurveysCodeChallenge.debug.xcconfig */,
				E4AFD434A6C10205CD926BDE /* Pods-SurveysCodeChallenge.release.xcconfig */,
				29EF74F70B531B5FF03E4611 /* Pods-SurveysCodeChallengeTests.debug.xcconfig */,
				F542F53972FA797A2F8AD913 /* Pods-SurveysCodeChallengeTests.release.xcconfig */,
			);
			path = Pods;
			sourceTree = "<group>";
		};
		901A7956239013EF0012BB60 /* Session */ = {
			isa = PBXGroup;
			children = (
				904820EB238BE43300679655 /* Session.swift */,
			);
			path = Session;
			sourceTree = "<group>";
		};
		90224BBE2389B475007677AC /* Storyboards */ = {
			isa = PBXGroup;
			children = (
				90EE45D72389B22700D1BAC7 /* Main.storyboard */,
				90EE45DC2389B22900D1BAC7 /* LaunchScreen.storyboard */,
			);
			path = Storyboards;
			sourceTree = "<group>";
		};
		90224BBF2389B48F007677AC /* Controllers */ = {
			isa = PBXGroup;
			children = (
				90224BC02389B48F007677AC /* Surveys */,
				90224BC32389B48F007677AC /* SurveyDetail */,
			);
			path = Controllers;
			sourceTree = "<group>";
		};
		90224BC02389B48F007677AC /* Surveys */ = {
			isa = PBXGroup;
			children = (
				90224BC12389B48F007677AC /* SurveysViewController.swift */,
				90224BC22389B48F007677AC /* SurveysViewModel.swift */,
			);
			path = Surveys;
			sourceTree = "<group>";
		};
		90224BC32389B48F007677AC /* SurveyDetail */ = {
			isa = PBXGroup;
			children = (
				90224BC42389B48F007677AC /* SurveyDetailViewController.swift */,
			);
			path = SurveyDetail;
			sourceTree = "<group>";
		};
		90224BCA2389B492007677AC /* Resources */ = {
			isa = PBXGroup;
			children = (
				90EE45DA2389B22900D1BAC7 /* Assets.xcassets */,
			);
			path = Resources;
			sourceTree = "<group>";
		};
		904820E4238BD82200679655 /* ProgressView */ = {
			isa = PBXGroup;
			children = (
				904820E5238BD82200679655 /* ProgressView.swift */,
				904820E6238BD82200679655 /* ProgressView.xib */,
			);
			path = ProgressView;
			sourceTree = "<group>";
		};
		904820E9238BE43300679655 /* SurveyTarget */ = {
			isa = PBXGroup;
			children = (
				904820EF238BE43300679655 /* AuthProvider.swift */,
				901A795723901B220012BB60 /* RetrierHandler.swift */,
				904820EC238BE43300679655 /* SurveyApi.swift */,
				904820ED238BE43300679655 /* SurveyProvider.swift */,
			);
			path = SurveyTarget;
			sourceTree = "<group>";
		};
		904820F8238C026000679655 /* ViewModels */ = {
			isa = PBXGroup;
			children = (
				904820FA238C02D600679655 /* SurveysViewModelTests.swift */,
				904820FF238C218000679655 /* SurveyItemTests.swift */,
			);
			path = ViewModels;
			sourceTree = "<group>";
		};
		904820FC238C0DC300679655 /* MockObjects */ = {
			isa = PBXGroup;
			children = (
				904820FD238C0DDD00679655 /* MockSurveyProvider.swift */,
			);
			path = MockObjects;
			sourceTree = "<group>";
		};
		90482101238C237000679655 /* Services */ = {
			isa = PBXGroup;
			children = (
				90482102238C23D200679655 /* MockData */,
				90482107238C23EC00679655 /* SurveyTargetTests.swift */,
			);
			path = Services;
			sourceTree = "<group>";
		};
		90482102238C23D200679655 /* MockData */ = {
			isa = PBXGroup;
			children = (
				90482103238C23D200679655 /* Token-Success.json */,
				90482104238C23D200679655 /* Surveys-Success.json */,
			);
			path = MockData;
			sourceTree = "<group>";
		};
		9048210B238C401000679655 /* Model */ = {
			isa = PBXGroup;
			children = (
				9048210C238C403D00679655 /* SurveyTests.swift */,
			);
			path = Model;
			sourceTree = "<group>";
		};
		90D85284238FBC9500525A61 /* KeychainSecure */ = {
			isa = PBXGroup;
			children = (
				90D85285238FBD0800525A61 /* Keychain.swift */,
			);
			path = KeychainSecure;
			sourceTree = "<group>";
		};
		90E6A2A5238A8B2800EC81A5 /* Views */ = {
			isa = PBXGroup;
			children = (
				90E6A2A6238A8B5300EC81A5 /* Cells */,
				90E6A2AC238AD73600EC81A5 /* PageControl */,
				904820E4238BD82200679655 /* ProgressView */,
			);
			path = Views;
			sourceTree = "<group>";
		};
		90E6A2A6238A8B5300EC81A5 /* Cells */ = {
			isa = PBXGroup;
			children = (
				90E6A2A7238A8B5800EC81A5 /* SurveyCell */,
			);
			path = Cells;
			sourceTree = "<group>";
		};
		90E6A2A7238A8B5800EC81A5 /* SurveyCell */ = {
			isa = PBXGroup;
			children = (
				90E6A2A8238A8B8400EC81A5 /* SurveyCell.swift */,
			);
			path = SurveyCell;
			sourceTree = "<group>";
		};
		90E6A2AC238AD73600EC81A5 /* PageControl */ = {
			isa = PBXGroup;
			children = (
				90E6A2AD238AD7A300EC81A5 /* ISPageControl.swift */,
			);
			path = PageControl;
			sourceTree = "<group>";
		};
		90E6A2AF238AD88800EC81A5 /* Defines */ = {
			isa = PBXGroup;
			children = (
				90E6A2B0238AD8C300EC81A5 /* Helper.swift */,
				90E6A2CE238AE5D900EC81A5 /* Error.swift */,
			);
			path = Defines;
			sourceTree = "<group>";
		};
		90E6A2B2238AD94800EC81A5 /* Extensions */ = {
			isa = PBXGroup;
			children = (
				90E6A2D0238AE68D00EC81A5 /* String.swift */,
				90E6A2D2238AEAEA00EC81A5 /* UICollectionView.swift */,
				90E6A2D4238AEB9100EC81A5 /* UIImage.swift */,
				90E6A2B3238AD95800EC81A5 /* UIView.swift */,
				90E6A2D8238B000400EC81A5 /* UIViewController.swift */,
				901A795D23902FA30012BB60 /* URLRequest.swift */,
			);
			path = Extensions;
			sourceTree = "<group>";
		};
		90E6A2B5238ADD1000EC81A5 /* Models */ = {
			isa = PBXGroup;
			children = (
				90E6A2B6238ADD1C00EC81A5 /* Survey */,
				904820F6238BE89A00679655 /* SurveyItem.swift */,
			);
			path = Models;
			sourceTree = "<group>";
		};
		90E6A2B6238ADD1C00EC81A5 /* Survey */ = {
			isa = PBXGroup;
			children = (
				90E6A2B7238ADD2C00EC81A5 /* Survey.swift */,
			);
			path = Survey;
			sourceTree = "<group>";
		};
		90E6A2B9238ADDCC00EC81A5 /* Services */ = {
			isa = PBXGroup;
			children = (
				901A7956239013EF0012BB60 /* Session */,
				90D85284238FBC9500525A61 /* KeychainSecure */,
				904820E9238BE43300679655 /* SurveyTarget */,
			);
			path = Services;
			sourceTree = "<group>";
		};
		90EE45C72389B22700D1BAC7 = {
			isa = PBXGroup;
			children = (
				90EE45D22389B22700D1BAC7 /* SurveysCodeChallenge */,
				90EE45E72389B22900D1BAC7 /* SurveysCodeChallengeTests */,
				90EE45D12389B22700D1BAC7 /* Products */,
				88EBB79BCAFED1CF119FCA47 /* Pods */,
				E1BBD454772AB84E18E3E42A /* Frameworks */,
			);
			sourceTree = "<group>";
		};
		90EE45D12389B22700D1BAC7 /* Products */ = {
			isa = PBXGroup;
			children = (
				90EE45D02389B22700D1BAC7 /* SurveysCodeChallenge.app */,
				90EE45E42389B22900D1BAC7 /* SurveysCodeChallengeTests.xctest */,
			);
			name = Products;
			sourceTree = "<group>";
		};
		90EE45D22389B22700D1BAC7 /* SurveysCodeChallenge */ = {
			isa = PBXGroup;
			children = (
				90EE45D32389B22700D1BAC7 /* AppDelegate.swift */,
				90224BBF2389B48F007677AC /* Controllers */,
				90E6A2AF238AD88800EC81A5 /* Defines */,
				90E6A2B2238AD94800EC81A5 /* Extensions */,
				90E6A2B5238ADD1000EC81A5 /* Models */,
				90224BCA2389B492007677AC /* Resources */,
				90E6A2B9238ADDCC00EC81A5 /* Services */,
				90224BBE2389B475007677AC /* Storyboards */,
				90E6A2A5238A8B2800EC81A5 /* Views */,
				90EE45DF2389B22900D1BAC7 /* Info.plist */,
			);
			path = SurveysCodeChallenge;
			sourceTree = "<group>";
		};
		90EE45E72389B22900D1BAC7 /* SurveysCodeChallengeTests */ = {
			isa = PBXGroup;
			children = (
				904820FC238C0DC300679655 /* MockObjects */,
				9048210B238C401000679655 /* Model */,
				90482101238C237000679655 /* Services */,
				904820F8238C026000679655 /* ViewModels */,
				90EE45EA2389B22900D1BAC7 /* Info.plist */,
			);
			path = SurveysCodeChallengeTests;
			sourceTree = "<group>";
		};
		E1BBD454772AB84E18E3E42A /* Frameworks */ = {
			isa = PBXGroup;
			children = (
				22C3FBE4DEE579B972183190 /* Pods_SurveysCodeChallenge.framework */,
				05E9E9913EC544336821E8D6 /* Pods_SurveysCodeChallengeTests.framework */,
			);
			name = Frameworks;
			sourceTree = "<group>";
		};
/* End PBXGroup section */

/* Begin PBXNativeTarget section */
		90EE45CF2389B22700D1BAC7 /* SurveysCodeChallenge */ = {
			isa = PBXNativeTarget;
			buildConfigurationList = 90EE45ED2389B22900D1BAC7 /* Build configuration list for PBXNativeTarget "SurveysCodeChallenge" */;
			buildPhases = (
				5DC7C1CB0CA3D70BBEDA8C2B /* [CP] Check Pods Manifest.lock */,
				90EE45CC2389B22700D1BAC7 /* Sources */,
				90EE45CD2389B22700D1BAC7 /* Frameworks */,
				90EE45CE2389B22700D1BAC7 /* Resources */,
				F60444927CF92437CA05DCC5 /* [CP] Embed Pods Frameworks */,
				90224BCB2389B4EB007677AC /* SwiftLint Script */,
			);
			buildRules = (
			);
			dependencies = (
			);
			name = SurveysCodeChallenge;
			productName = SurveysCodeChallenge;
			productReference = 90EE45D02389B22700D1BAC7 /* SurveysCodeChallenge.app */;
			productType = "com.apple.product-type.application";
		};
		90EE45E32389B22900D1BAC7 /* SurveysCodeChallengeTests */ = {
			isa = PBXNativeTarget;
			buildConfigurationList = 90EE45F02389B22900D1BAC7 /* Build configuration list for PBXNativeTarget "SurveysCodeChallengeTests" */;
			buildPhases = (
				E6256E21CC1F52E95B0CDB7A /* [CP] Check Pods Manifest.lock */,
				90EE45E02389B22900D1BAC7 /* Sources */,
				90EE45E12389B22900D1BAC7 /* Frameworks */,
				90EE45E22389B22900D1BAC7 /* Resources */,
				943AF7F0B4C2A06ACB11802E /* [CP] Embed Pods Frameworks */,
			);
			buildRules = (
			);
			dependencies = (
				90EE45E62389B22900D1BAC7 /* PBXTargetDependency */,
			);
			name = SurveysCodeChallengeTests;
			productName = SurveysCodeChallengeTests;
			productReference = 90EE45E42389B22900D1BAC7 /* SurveysCodeChallengeTests.xctest */;
			productType = "com.apple.product-type.bundle.unit-test";
		};
/* End PBXNativeTarget section */

/* Begin PBXProject section */
		90EE45C82389B22700D1BAC7 /* Project object */ = {
			isa = PBXProject;
			attributes = {
				LastSwiftUpdateCheck = 1030;
				LastUpgradeCheck = 1030;
				ORGANIZATIONNAME = "Su Nguyen";
				TargetAttributes = {
					90EE45CF2389B22700D1BAC7 = {
						CreatedOnToolsVersion = 10.3;
					};
					90EE45E32389B22900D1BAC7 = {
						CreatedOnToolsVersion = 10.3;
						LastSwiftMigration = 1030;
						TestTargetID = 90EE45CF2389B22700D1BAC7;
					};
				};
			};
			buildConfigurationList = 90EE45CB2389B22700D1BAC7 /* Build configuration list for PBXProject "SurveysCodeChallenge" */;
			compatibilityVersion = "Xcode 9.3";
			developmentRegion = en;
			hasScannedForEncodings = 0;
			knownRegions = (
				en,
				Base,
			);
			mainGroup = 90EE45C72389B22700D1BAC7;
			productRefGroup = 90EE45D12389B22700D1BAC7 /* Products */;
			projectDirPath = "";
			projectRoot = "";
			targets = (
				90EE45CF2389B22700D1BAC7 /* SurveysCodeChallenge */,
				90EE45E32389B22900D1BAC7 /* SurveysCodeChallengeTests */,
			);
		};
/* End PBXProject section */

/* Begin PBXResourcesBuildPhase section */
		90EE45CE2389B22700D1BAC7 /* Resources */ = {
			isa = PBXResourcesBuildPhase;
			buildActionMask = 2147483647;
			files = (
				90EE45DE2389B22900D1BAC7 /* LaunchScreen.storyboard in Resources */,
				904820E8238BD82300679655 /* ProgressView.xib in Resources */,
				90EE45DB2389B22900D1BAC7 /* Assets.xcassets in Resources */,
				90EE45D92389B22700D1BAC7 /* Main.storyboard in Resources */,
			);
			runOnlyForDeploymentPostprocessing = 0;
		};
		90EE45E22389B22900D1BAC7 /* Resources */ = {
			isa = PBXResourcesBuildPhase;
			buildActionMask = 2147483647;
			files = (
				90482105238C23D200679655 /* Token-Success.json in Resources */,
				90482106238C23D200679655 /* Surveys-Success.json in Resources */,
			);
			runOnlyForDeploymentPostprocessing = 0;
		};
/* End PBXResourcesBuildPhase section */

/* Begin PBXShellScriptBuildPhase section */
		5DC7C1CB0CA3D70BBEDA8C2B /* [CP] Check Pods Manifest.lock */ = {
			isa = PBXShellScriptBuildPhase;
			buildActionMask = 2147483647;
			files = (
			);
			inputFileListPaths = (
			);
			inputPaths = (
				"${PODS_PODFILE_DIR_PATH}/Podfile.lock",
				"${PODS_ROOT}/Manifest.lock",
			);
			name = "[CP] Check Pods Manifest.lock";
			outputFileListPaths = (
			);
			outputPaths = (
				"$(DERIVED_FILE_DIR)/Pods-SurveysCodeChallenge-checkManifestLockResult.txt",
			);
			runOnlyForDeploymentPostprocessing = 0;
			shellPath = /bin/sh;
			shellScript = "diff \"${PODS_PODFILE_DIR_PATH}/Podfile.lock\" \"${PODS_ROOT}/Manifest.lock\" > /dev/null\nif [ $? != 0 ] ; then\n    # print error to STDERR\n    echo \"error: The sandbox is not in sync with the Podfile.lock. Run 'pod install' or update your CocoaPods installation.\" >&2\n    exit 1\nfi\n# This output is used by Xcode 'outputs' to avoid re-running this script phase.\necho \"SUCCESS\" > \"${SCRIPT_OUTPUT_FILE_0}\"\n";
			showEnvVarsInLog = 0;
		};
		90224BCB2389B4EB007677AC /* SwiftLint Script */ = {
			isa = PBXShellScriptBuildPhase;
			buildActionMask = 2147483647;
			files = (
			);
			inputFileListPaths = (
			);
			inputPaths = (
			);
			name = "SwiftLint Script";
			outputFileListPaths = (
			);
			outputPaths = (
			);
			runOnlyForDeploymentPostprocessing = 0;
			shellPath = /bin/sh;
			shellScript = "if [[ -s \"${PODS_ROOT}/SwiftLint/swiftlint\" ]]; then\n\"${PODS_ROOT}/SwiftLint/swiftlint\"\nelse\necho \"warning: SwiftLint not installed, download from https://github.com/realm/SwiftLint\"\nexit 1\nfi\n";
		};
		943AF7F0B4C2A06ACB11802E /* [CP] Embed Pods Frameworks */ = {
			isa = PBXShellScriptBuildPhase;
			buildActionMask = 2147483647;
			files = (
			);
			inputFileListPaths = (
				"${PODS_ROOT}/Target Support Files/Pods-SurveysCodeChallengeTests/Pods-SurveysCodeChallengeTests-frameworks-${CONFIGURATION}-input-files.xcfilelist",
			);
			name = "[CP] Embed Pods Frameworks";
			outputFileListPaths = (
				"${PODS_ROOT}/Target Support Files/Pods-SurveysCodeChallengeTests/Pods-SurveysCodeChallengeTests-frameworks-${CONFIGURATION}-output-files.xcfilelist",
			);
			runOnlyForDeploymentPostprocessing = 0;
			shellPath = /bin/sh;
			shellScript = "\"${PODS_ROOT}/Target Support Files/Pods-SurveysCodeChallengeTests/Pods-SurveysCodeChallengeTests-frameworks.sh\"\n";
			showEnvVarsInLog = 0;
		};
		E6256E21CC1F52E95B0CDB7A /* [CP] Check Pods Manifest.lock */ = {
			isa = PBXShellScriptBuildPhase;
			buildActionMask = 2147483647;
			files = (
			);
			inputFileListPaths = (
			);
			inputPaths = (
				"${PODS_PODFILE_DIR_PATH}/Podfile.lock",
				"${PODS_ROOT}/Manifest.lock",
			);
			name = "[CP] Check Pods Manifest.lock";
			outputFileListPaths = (
			);
			outputPaths = (
				"$(DERIVED_FILE_DIR)/Pods-SurveysCodeChallengeTests-checkManifestLockResult.txt",
			);
			runOnlyForDeploymentPostprocessing = 0;
			shellPath = /bin/sh;
			shellScript = "diff \"${PODS_PODFILE_DIR_PATH}/Podfile.lock\" \"${PODS_ROOT}/Manifest.lock\" > /dev/null\nif [ $? != 0 ] ; then\n    # print error to STDERR\n    echo \"error: The sandbox is not in sync with the Podfile.lock. Run 'pod install' or update your CocoaPods installation.\" >&2\n    exit 1\nfi\n# This output is used by Xcode 'outputs' to avoid re-running this script phase.\necho \"SUCCESS\" > \"${SCRIPT_OUTPUT_FILE_0}\"\n";
			showEnvVarsInLog = 0;
		};
		F60444927CF92437CA05DCC5 /* [CP] Embed Pods Frameworks */ = {
			isa = PBXShellScriptBuildPhase;
			buildActionMask = 2147483647;
			files = (
			);
			inputFileListPaths = (
				"${PODS_ROOT}/Target Support Files/Pods-SurveysCodeChallenge/Pods-SurveysCodeChallenge-frameworks-${CONFIGURATION}-input-files.xcfilelist",
			);
			name = "[CP] Embed Pods Frameworks";
			outputFileListPaths = (
				"${PODS_ROOT}/Target Support Files/Pods-SurveysCodeChallenge/Pods-SurveysCodeChallenge-frameworks-${CONFIGURATION}-output-files.xcfilelist",
			);
			runOnlyForDeploymentPostprocessing = 0;
			shellPath = /bin/sh;
			shellScript = "\"${PODS_ROOT}/Target Support Files/Pods-SurveysCodeChallenge/Pods-SurveysCodeChallenge-frameworks.sh\"\n";
			showEnvVarsInLog = 0;
		};
/* End PBXShellScriptBuildPhase section */

/* Begin PBXSourcesBuildPhase section */
		90EE45CC2389B22700D1BAC7 /* Sources */ = {
			isa = PBXSourcesBuildPhase;
			buildActionMask = 2147483647;
			files = (
				904820F5238BE43300679655 /* AuthProvider.swift in Sources */,
				90E6A2B4238AD95800EC81A5 /* UIView.swift in Sources */,
				90E6A2D1238AE68D00EC81A5 /* String.swift in Sources */,
				90E6A2D3238AEAEA00EC81A5 /* UICollectionView.swift in Sources */,
				90E6A2AE238AD7A300EC81A5 /* ISPageControl.swift in Sources */,
				90EE45D42389B22700D1BAC7 /* AppDelegate.swift in Sources */,
				90D85286238FBD0800525A61 /* Keychain.swift in Sources */,
				90224BC72389B48F007677AC /* SurveysViewModel.swift in Sources */,
				90E6A2D5238AEB9100EC81A5 /* UIImage.swift in Sources */,
				90E6A2CF238AE5D900EC81A5 /* Error.swift in Sources */,
				90224BC82389B48F007677AC /* SurveyDetailViewController.swift in Sources */,
				904820E7238BD82200679655 /* ProgressView.swift in Sources */,
				90E6A2A9238A8B8400EC81A5 /* SurveyCell.swift in Sources */,
				904820F2238BE43300679655 /* SurveyApi.swift in Sources */,
				904820F1238BE43300679655 /* Session.swift in Sources */,
				90E6A2B8238ADD2C00EC81A5 /* Survey.swift in Sources */,
				904820F7238BE89A00679655 /* SurveyItem.swift in Sources */,
				904820F3238BE43300679655 /* SurveyProvider.swift in Sources */,
				901A795E23902FA30012BB60 /* URLRequest.swift in Sources */,
				90224BC62389B48F007677AC /* SurveysViewController.swift in Sources */,
				90E6A2D9238B000400EC81A5 /* UIViewController.swift in Sources */,
				901A795823901B220012BB60 /* RetrierHandler.swift in Sources */,
				90E6A2B1238AD8C300EC81A5 /* Helper.swift in Sources */,
			);
			runOnlyForDeploymentPostprocessing = 0;
		};
		90EE45E02389B22900D1BAC7 /* Sources */ = {
			isa = PBXSourcesBuildPhase;
			buildActionMask = 2147483647;
			files = (
				904820FE238C0DDD00679655 /* MockSurveyProvider.swift in Sources */,
				90482100238C218000679655 /* SurveyItemTests.swift in Sources */,
				90482108238C23EC00679655 /* SurveyTargetTests.swift in Sources */,
				904820FB238C02D600679655 /* SurveysViewModelTests.swift in Sources */,
				9048210D238C403D00679655 /* SurveyTests.swift in Sources */,
			);
			runOnlyForDeploymentPostprocessing = 0;
		};
/* End PBXSourcesBuildPhase section */

/* Begin PBXTargetDependency section */
		90EE45E62389B22900D1BAC7 /* PBXTargetDependency */ = {
			isa = PBXTargetDependency;
			target = 90EE45CF2389B22700D1BAC7 /* SurveysCodeChallenge */;
			targetProxy = 90EE45E52389B22900D1BAC7 /* PBXContainerItemProxy */;
		};
/* End PBXTargetDependency section */

/* Begin PBXVariantGroup section */
		90EE45D72389B22700D1BAC7 /* Main.storyboard */ = {
			isa = PBXVariantGroup;
			children = (
				90EE45D82389B22700D1BAC7 /* Base */,
			);
			name = Main.storyboard;
			sourceTree = "<group>";
		};
		90EE45DC2389B22900D1BAC7 /* LaunchScreen.storyboard */ = {
			isa = PBXVariantGroup;
			children = (
				90EE45DD2389B22900D1BAC7 /* Base */,
			);
			name = LaunchScreen.storyboard;
			sourceTree = "<group>";
		};
/* End PBXVariantGroup section */

/* Begin XCBuildConfiguration section */
		90EE45EB2389B22900D1BAC7 /* Debug */ = {
			isa = XCBuildConfiguration;
			buildSettings = {
				ALWAYS_SEARCH_USER_PATHS = NO;
				CLANG_ANALYZER_NONNULL = YES;
				CLANG_ANALYZER_NUMBER_OBJECT_CONVERSION = YES_AGGRESSIVE;
				CLANG_CXX_LANGUAGE_STANDARD = "gnu++14";
				CLANG_CXX_LIBRARY = "libc++";
				CLANG_ENABLE_MODULES = YES;
				CLANG_ENABLE_OBJC_ARC = YES;
				CLANG_ENABLE_OBJC_WEAK = YES;
				CLANG_WARN_BLOCK_CAPTURE_AUTORELEASING = YES;
				CLANG_WARN_BOOL_CONVERSION = YES;
				CLANG_WARN_COMMA = YES;
				CLANG_WARN_CONSTANT_CONVERSION = YES;
				CLANG_WARN_DEPRECATED_OBJC_IMPLEMENTATIONS = YES;
				CLANG_WARN_DIRECT_OBJC_ISA_USAGE = YES_ERROR;
				CLANG_WARN_DOCUMENTATION_COMMENTS = YES;
				CLANG_WARN_EMPTY_BODY = YES;
				CLANG_WARN_ENUM_CONVERSION = YES;
				CLANG_WARN_INFINITE_RECURSION = YES;
				CLANG_WARN_INT_CONVERSION = YES;
				CLANG_WARN_NON_LITERAL_NULL_CONVERSION = YES;
				CLANG_WARN_OBJC_IMPLICIT_RETAIN_SELF = YES;
				CLANG_WARN_OBJC_LITERAL_CONVERSION = YES;
				CLANG_WARN_OBJC_ROOT_CLASS = YES_ERROR;
				CLANG_WARN_RANGE_LOOP_ANALYSIS = YES;
				CLANG_WARN_STRICT_PROTOTYPES = YES;
				CLANG_WARN_SUSPICIOUS_MOVE = YES;
				CLANG_WARN_UNGUARDED_AVAILABILITY = YES_AGGRESSIVE;
				CLANG_WARN_UNREACHABLE_CODE = YES;
				CLANG_WARN__DUPLICATE_METHOD_MATCH = YES;
				CODE_SIGN_IDENTITY = "iPhone Developer";
				COPY_PHASE_STRIP = NO;
				DEBUG_INFORMATION_FORMAT = dwarf;
				ENABLE_STRICT_OBJC_MSGSEND = YES;
				ENABLE_TESTABILITY = YES;
				GCC_C_LANGUAGE_STANDARD = gnu11;
				GCC_DYNAMIC_NO_PIC = NO;
				GCC_NO_COMMON_BLOCKS = YES;
				GCC_OPTIMIZATION_LEVEL = 0;
				GCC_PREPROCESSOR_DEFINITIONS = (
					"DEBUG=1",
					"$(inherited)",
				);
				GCC_WARN_64_TO_32_BIT_CONVERSION = YES;
				GCC_WARN_ABOUT_RETURN_TYPE = YES_ERROR;
				GCC_WARN_UNDECLARED_SELECTOR = YES;
				GCC_WARN_UNINITIALIZED_AUTOS = YES_AGGRESSIVE;
				GCC_WARN_UNUSED_FUNCTION = YES;
				GCC_WARN_UNUSED_VARIABLE = YES;
				IPHONEOS_DEPLOYMENT_TARGET = 12.4;
				MTL_ENABLE_DEBUG_INFO = INCLUDE_SOURCE;
				MTL_FAST_MATH = YES;
				ONLY_ACTIVE_ARCH = YES;
				SDKROOT = iphoneos;
				SWIFT_ACTIVE_COMPILATION_CONDITIONS = DEBUG;
				SWIFT_OPTIMIZATION_LEVEL = "-Onone";
			};
			name = Debug;
		};
		90EE45EC2389B22900D1BAC7 /* Release */ = {
			isa = XCBuildConfiguration;
			buildSettings = {
				ALWAYS_SEARCH_USER_PATHS = NO;
				CLANG_ANALYZER_NONNULL = YES;
				CLANG_ANALYZER_NUMBER_OBJECT_CONVERSION = YES_AGGRESSIVE;
				CLANG_CXX_LANGUAGE_STANDARD = "gnu++14";
				CLANG_CXX_LIBRARY = "libc++";
				CLANG_ENABLE_MODULES = YES;
				CLANG_ENABLE_OBJC_ARC = YES;
				CLANG_ENABLE_OBJC_WEAK = YES;
				CLANG_WARN_BLOCK_CAPTURE_AUTORELEASING = YES;
				CLANG_WARN_BOOL_CONVERSION = YES;
				CLANG_WARN_COMMA = YES;
				CLANG_WARN_CONSTANT_CONVERSION = YES;
				CLANG_WARN_DEPRECATED_OBJC_IMPLEMENTATIONS = YES;
				CLANG_WARN_DIRECT_OBJC_ISA_USAGE = YES_ERROR;
				CLANG_WARN_DOCUMENTATION_COMMENTS = YES;
				CLANG_WARN_EMPTY_BODY = YES;
				CLANG_WARN_ENUM_CONVERSION = YES;
				CLANG_WARN_INFINITE_RECURSION = YES;
				CLANG_WARN_INT_CONVERSION = YES;
				CLANG_WARN_NON_LITERAL_NULL_CONVERSION = YES;
				CLANG_WARN_OBJC_IMPLICIT_RETAIN_SELF = YES;
				CLANG_WARN_OBJC_LITERAL_CONVERSION = YES;
				CLANG_WARN_OBJC_ROOT_CLASS = YES_ERROR;
				CLANG_WARN_RANGE_LOOP_ANALYSIS = YES;
				CLANG_WARN_STRICT_PROTOTYPES = YES;
				CLANG_WARN_SUSPICIOUS_MOVE = YES;
				CLANG_WARN_UNGUARDED_AVAILABILITY = YES_AGGRESSIVE;
				CLANG_WARN_UNREACHABLE_CODE = YES;
				CLANG_WARN__DUPLICATE_METHOD_MATCH = YES;
				CODE_SIGN_IDENTITY = "iPhone Developer";
				COPY_PHASE_STRIP = NO;
				DEBUG_INFORMATION_FORMAT = "dwarf-with-dsym";
				ENABLE_NS_ASSERTIONS = NO;
				ENABLE_STRICT_OBJC_MSGSEND = YES;
				GCC_C_LANGUAGE_STANDARD = gnu11;
				GCC_NO_COMMON_BLOCKS = YES;
				GCC_WARN_64_TO_32_BIT_CONVERSION = YES;
				GCC_WARN_ABOUT_RETURN_TYPE = YES_ERROR;
				GCC_WARN_UNDECLARED_SELECTOR = YES;
				GCC_WARN_UNINITIALIZED_AUTOS = YES_AGGRESSIVE;
				GCC_WARN_UNUSED_FUNCTION = YES;
				GCC_WARN_UNUSED_VARIABLE = YES;
				IPHONEOS_DEPLOYMENT_TARGET = 12.4;
				MTL_ENABLE_DEBUG_INFO = NO;
				MTL_FAST_MATH = YES;
				SDKROOT = iphoneos;
				SWIFT_COMPILATION_MODE = wholemodule;
				SWIFT_OPTIMIZATION_LEVEL = "-O";
				VALIDATE_PRODUCT = YES;
			};
			name = Release;
		};
		90EE45EE2389B22900D1BAC7 /* Debug */ = {
			isa = XCBuildConfiguration;
			baseConfigurationReference = AD3C7A49934E155161CEF891 /* Pods-SurveysCodeChallenge.debug.xcconfig */;
			buildSettings = {
				ASSETCATALOG_COMPILER_APPICON_NAME = AppIcon;
				CODE_SIGN_STYLE = Automatic;
				INFOPLIST_FILE = SurveysCodeChallenge/Info.plist;
				LD_RUNPATH_SEARCH_PATHS = (
					"$(inherited)",
					"@executable_path/Frameworks",
				);
				PRODUCT_BUNDLE_IDENTIFIER = com.vnntsu.SurveysCodeChallenge;
				PRODUCT_NAME = "$(TARGET_NAME)";
				SWIFT_VERSION = 5.0;
				TARGETED_DEVICE_FAMILY = "1,2";
			};
			name = Debug;
		};
		90EE45EF2389B22900D1BAC7 /* Release */ = {
			isa = XCBuildConfiguration;
			baseConfigurationReference = E4AFD434A6C10205CD926BDE /* Pods-SurveysCodeChallenge.release.xcconfig */;
			buildSettings = {
				ASSETCATALOG_COMPILER_APPICON_NAME = AppIcon;
				CODE_SIGN_STYLE = Automatic;
				INFOPLIST_FILE = SurveysCodeChallenge/Info.plist;
				LD_RUNPATH_SEARCH_PATHS = (
					"$(inherited)",
					"@executable_path/Frameworks",
				);
				PRODUCT_BUNDLE_IDENTIFIER = com.vnntsu.SurveysCodeChallenge;
				PRODUCT_NAME = "$(TARGET_NAME)";
				SWIFT_VERSION = 5.0;
				TARGETED_DEVICE_FAMILY = "1,2";
			};
			name = Release;
		};
		90EE45F12389B22900D1BAC7 /* Debug */ = {
			isa = XCBuildConfiguration;
			baseConfigurationReference = 29EF74F70B531B5FF03E4611 /* Pods-SurveysCodeChallengeTests.debug.xcconfig */;
			buildSettings = {
				ALWAYS_EMBED_SWIFT_STANDARD_LIBRARIES = "$(inherited)";
				BUNDLE_LOADER = "$(TEST_HOST)";
				CLANG_ENABLE_MODULES = YES;
				CODE_SIGN_STYLE = Automatic;
				INFOPLIST_FILE = SurveysCodeChallengeTests/Info.plist;
				LD_RUNPATH_SEARCH_PATHS = (
					"$(inherited)",
					"@executable_path/Frameworks",
					"@loader_path/Frameworks",
				);
				PRODUCT_BUNDLE_IDENTIFIER = com.vnntsu.SurveysCodeChallengeTests;
				PRODUCT_NAME = "$(TARGET_NAME)";
				SWIFT_OBJC_BRIDGING_HEADER = "";
				SWIFT_OPTIMIZATION_LEVEL = "-Onone";
				SWIFT_VERSION = 5.0;
				TARGETED_DEVICE_FAMILY = "1,2";
				TEST_HOST = "$(BUILT_PRODUCTS_DIR)/SurveysCodeChallenge.app/SurveysCodeChallenge";
			};
			name = Debug;
		};
		90EE45F22389B22900D1BAC7 /* Release */ = {
			isa = XCBuildConfiguration;
			baseConfigurationReference = F542F53972FA797A2F8AD913 /* Pods-SurveysCodeChallengeTests.release.xcconfig */;
			buildSettings = {
				ALWAYS_EMBED_SWIFT_STANDARD_LIBRARIES = "$(inherited)";
				BUNDLE_LOADER = "$(TEST_HOST)";
				CLANG_ENABLE_MODULES = YES;
				CODE_SIGN_STYLE = Automatic;
				INFOPLIST_FILE = SurveysCodeChallengeTests/Info.plist;
				LD_RUNPATH_SEARCH_PATHS = (
					"$(inherited)",
					"@executable_path/Frameworks",
					"@loader_path/Frameworks",
				);
				PRODUCT_BUNDLE_IDENTIFIER = com.vnntsu.SurveysCodeChallengeTests;
				PRODUCT_NAME = "$(TARGET_NAME)";
				SWIFT_OBJC_BRIDGING_HEADER = "";
				SWIFT_VERSION = 5.0;
				TARGETED_DEVICE_FAMILY = "1,2";
				TEST_HOST = "$(BUILT_PRODUCTS_DIR)/SurveysCodeChallenge.app/SurveysCodeChallenge";
			};
			name = Release;
		};
/* End XCBuildConfiguration section */

/* Begin XCConfigurationList section */
		90EE45CB2389B22700D1BAC7 /* Build configuration list for PBXProject "SurveysCodeChallenge" */ = {
			isa = XCConfigurationList;
			buildConfigurations = (
				90EE45EB2389B22900D1BAC7 /* Debug */,
				90EE45EC2389B22900D1BAC7 /* Release */,
			);
			defaultConfigurationIsVisible = 0;
			defaultConfigurationName = Release;
		};
		90EE45ED2389B22900D1BAC7 /* Build configuration list for PBXNativeTarget "SurveysCodeChallenge" */ = {
			isa = XCConfigurationList;
			buildConfigurations = (
				90EE45EE2389B22900D1BAC7 /* Debug */,
				90EE45EF2389B22900D1BAC7 /* Release */,
			);
			defaultConfigurationIsVisible = 0;
			defaultConfigurationName = Release;
		};
		90EE45F02389B22900D1BAC7 /* Build configuration list for PBXNativeTarget "SurveysCodeChallengeTests" */ = {
			isa = XCConfigurationList;
			buildConfigurations = (
				90EE45F12389B22900D1BAC7 /* Debug */,
				90EE45F22389B22900D1BAC7 /* Release */,
			);
			defaultConfigurationIsVisible = 0;
			defaultConfigurationName = Release;
		};
/* End XCConfigurationList section */
	};
	rootObject = 90EE45C82389B22700D1BAC7 /* Project object */;
}
